// !$*UTF8*$!
{
	archiveVersion = 1;
	classes = {
	};
	objectVersion = 55;
	objects = {

/* Begin PBXBuildFile section */
		E8779C0127852D9C00AA2E2A /* AppDelegate.swift in Sources */ = {isa = PBXBuildFile; fileRef = E8779C0027852D9C00AA2E2A /* AppDelegate.swift */; };
		E8779C0327852D9C00AA2E2A /* SceneDelegate.swift in Sources */ = {isa = PBXBuildFile; fileRef = E8779C0227852D9C00AA2E2A /* SceneDelegate.swift */; };
		E8779C0827852D9C00AA2E2A /* Main.storyboard in Resources */ = {isa = PBXBuildFile; fileRef = E8779C0627852D9C00AA2E2A /* Main.storyboard */; };
		E8779C0A27852D9D00AA2E2A /* Assets.xcassets in Resources */ = {isa = PBXBuildFile; fileRef = E8779C0927852D9D00AA2E2A /* Assets.xcassets */; };
		E8779C0D27852D9D00AA2E2A /* LaunchScreen.storyboard in Resources */ = {isa = PBXBuildFile; fileRef = E8779C0B27852D9D00AA2E2A /* LaunchScreen.storyboard */; };
		E8779C1827852D9D00AA2E2A /* ProtoTypeCellTests.swift in Sources */ = {isa = PBXBuildFile; fileRef = E8779C1727852D9D00AA2E2A /* ProtoTypeCellTests.swift */; };
		E8779C2227852D9D00AA2E2A /* ProtoTypeCellUITests.swift in Sources */ = {isa = PBXBuildFile; fileRef = E8779C2127852D9D00AA2E2A /* ProtoTypeCellUITests.swift */; };
		E8779C2427852D9D00AA2E2A /* ProtoTypeCellUITestsLaunchTests.swift in Sources */ = {isa = PBXBuildFile; fileRef = E8779C2327852D9D00AA2E2A /* ProtoTypeCellUITestsLaunchTests.swift */; };
		E8779C3127852EBE00AA2E2A /* ListViewController.swift in Sources */ = {isa = PBXBuildFile; fileRef = E8779C3027852EBE00AA2E2A /* ListViewController.swift */; };
/* End PBXBuildFile section */

/* Begin PBXContainerItemProxy section */
		E8779C1427852D9D00AA2E2A /* PBXContainerItemProxy */ = {
			isa = PBXContainerItemProxy;
			containerPortal = E8779BF527852D9C00AA2E2A /* Project object */;
			proxyType = 1;
			remoteGlobalIDString = E8779BFC27852D9C00AA2E2A;
			remoteInfo = ProtoTypeCell;
		};
		E8779C1E27852D9D00AA2E2A /* PBXContainerItemProxy */ = {
			isa = PBXContainerItemProxy;
			containerPortal = E8779BF527852D9C00AA2E2A /* Project object */;
			proxyType = 1;
			remoteGlobalIDString = E8779BFC27852D9C00AA2E2A;
			remoteInfo = ProtoTypeCell;
		};
/* End PBXContainerItemProxy section */

/* Begin PBXFileReference section */
		E8779BFD27852D9C00AA2E2A /* ProtoTypeCell.app */ = {isa = PBXFileReference; explicitFileType = wrapper.application; includeInIndex = 0; path = ProtoTypeCell.app; sourceTree = BUILT_PRODUCTS_DIR; };
		E8779C0027852D9C00AA2E2A /* AppDelegate.swift */ = {isa = PBXFileReference; lastKnownFileType = sourcecode.swift; path = AppDelegate.swift; sourceTree = "<group>"; };
		E8779C0227852D9C00AA2E2A /* SceneDelegate.swift */ = {isa = PBXFileReference; lastKnownFileType = sourcecode.swift; path = SceneDelegate.swift; sourceTree = "<group>"; };
		E8779C0727852D9C00AA2E2A /* Base */ = {isa = PBXFileReference; lastKnownFileType = file.storyboard; name = Base; path = Base.lproj/Main.storyboard; sourceTree = "<group>"; };
		E8779C0927852D9D00AA2E2A /* Assets.xcassets */ = {isa = PBXFileReference; lastKnownFileType = folder.assetcatalog; path = Assets.xcassets; sourceTree = "<group>"; };
		E8779C0C27852D9D00AA2E2A /* Base */ = {isa = PBXFileReference; lastKnownFileType = file.storyboard; name = Base; path = Base.lproj/LaunchScreen.storyboard; sourceTree = "<group>"; };
		E8779C0E27852D9D00AA2E2A /* Info.plist */ = {isa = PBXFileReference; lastKnownFileType = text.plist.xml; path = Info.plist; sourceTree = "<group>"; };
		E8779C1327852D9D00AA2E2A /* ProtoTypeCellTests.xctest */ = {isa = PBXFileReference; explicitFileType = wrapper.cfbundle; includeInIndex = 0; path = ProtoTypeCellTests.xctest; sourceTree = BUILT_PRODUCTS_DIR; };
		E8779C1727852D9D00AA2E2A /* ProtoTypeCellTests.swift */ = {isa = PBXFileReference; lastKnownFileType = sourcecode.swift; path = ProtoTypeCellTests.swift; sourceTree = "<group>"; };
		E8779C1D27852D9D00AA2E2A /* ProtoTypeCellUITests.xctest */ = {isa = PBXFileReference; explicitFileType = wrapper.cfbundle; includeInIndex = 0; path = ProtoTypeCellUITests.xctest; sourceTree = BUILT_PRODUCTS_DIR; };
		E8779C2127852D9D00AA2E2A /* ProtoTypeCellUITests.swift */ = {isa = PBXFileReference; lastKnownFileType = sourcecode.swift; path = ProtoTypeCellUITests.swift; sourceTree = "<group>"; };
		E8779C2327852D9D00AA2E2A /* ProtoTypeCellUITestsLaunchTests.swift */ = {isa = PBXFileReference; lastKnownFileType = sourcecode.swift; path = ProtoTypeCellUITestsLaunchTests.swift; sourceTree = "<group>"; };
		E8779C3027852EBE00AA2E2A /* ListViewController.swift */ = {isa = PBXFileReference; lastKnownFileType = sourcecode.swift; path = ListViewController.swift; sourceTree = "<group>"; };
/* End PBXFileReference section */

/* Begin PBXFrameworksBuildPhase section */
		E8779BFA27852D9C00AA2E2A /* Frameworks */ = {
			isa = PBXFrameworksBuildPhase;
			buildActionMask = 2147483647;
			files = (
			);
			runOnlyForDeploymentPostprocessing = 0;
		};
		E8779C1027852D9D00AA2E2A /* Frameworks */ = {
			isa = PBXFrameworksBuildPhase;
			buildActionMask = 2147483647;
			files = (
			);
			runOnlyForDeploymentPostprocessing = 0;
		};
		E8779C1A27852D9D00AA2E2A /* Frameworks */ = {
			isa = PBXFrameworksBuildPhase;
			buildActionMask = 2147483647;
			files = (
			);
			runOnlyForDeploymentPostprocessing = 0;
		};
/* End PBXFrameworksBuildPhase section */

/* Begin PBXGroup section */
		E8779BF427852D9C00AA2E2A = {
			isa = PBXGroup;
			children = (
				E8779BFF27852D9C00AA2E2A /* ProtoTypeCell */,
				E8779C1627852D9D00AA2E2A /* ProtoTypeCellTests */,
				E8779C2027852D9D00AA2E2A /* ProtoTypeCellUITests */,
				E8779BFE27852D9C00AA2E2A /* Products */,
			);
			sourceTree = "<group>";
		};
		E8779BFE27852D9C00AA2E2A /* Products */ = {
			isa = PBXGroup;
			children = (
				E8779BFD27852D9C00AA2E2A /* ProtoTypeCell.app */,
				E8779C1327852D9D00AA2E2A /* ProtoTypeCellTests.xctest */,
				E8779C1D27852D9D00AA2E2A /* ProtoTypeCellUITests.xctest */,
			);
			name = Products;
			sourceTree = "<group>";
		};
		E8779BFF27852D9C00AA2E2A /* ProtoTypeCell */ = {
			isa = PBXGroup;
			children = (
				E8779C0027852D9C00AA2E2A /* AppDelegate.swift */,
				E8779C0227852D9C00AA2E2A /* SceneDelegate.swift */,
				E8779C0627852D9C00AA2E2A /* Main.storyboard */,
				E8779C0927852D9D00AA2E2A /* Assets.xcassets */,
				E8779C0B27852D9D00AA2E2A /* LaunchScreen.storyboard */,
				E8779C0E27852D9D00AA2E2A /* Info.plist */,
				E8779C3027852EBE00AA2E2A /* ListViewController.swift */,
			);
			path = ProtoTypeCell;
			sourceTree = "<group>";
		};
		E8779C1627852D9D00AA2E2A /* ProtoTypeCellTests */ = {
			isa = PBXGroup;
			children = (
				E8779C1727852D9D00AA2E2A /* ProtoTypeCellTests.swift */,
			);
			path = ProtoTypeCellTests;
			sourceTree = "<group>";
		};
		E8779C2027852D9D00AA2E2A /* ProtoTypeCellUITests */ = {
			isa = PBXGroup;
			children = (
				E8779C2127852D9D00AA2E2A /* ProtoTypeCellUITests.swift */,
				E8779C2327852D9D00AA2E2A /* ProtoTypeCellUITestsLaunchTests.swift */,
			);
			path = ProtoTypeCellUITests;
			sourceTree = "<group>";
		};
/* End PBXGroup section */

/* Begin PBXNativeTarget section */
		E8779BFC27852D9C00AA2E2A /* ProtoTypeCell */ = {
			isa = PBXNativeTarget;
			buildConfigurationList = E8779C2727852D9D00AA2E2A /* Build configuration list for PBXNativeTarget "ProtoTypeCell" */;
			buildPhases = (
				E8779BF927852D9C00AA2E2A /* Sources */,
				E8779BFA27852D9C00AA2E2A /* Frameworks */,
				E8779BFB27852D9C00AA2E2A /* Resources */,
			);
			buildRules = (
			);
			dependencies = (
			);
			name = ProtoTypeCell;
			productName = ProtoTypeCell;
			productReference = E8779BFD27852D9C00AA2E2A /* ProtoTypeCell.app */;
			productType = "com.apple.product-type.application";
		};
		E8779C1227852D9D00AA2E2A /* ProtoTypeCellTests */ = {
			isa = PBXNativeTarget;
			buildConfigurationList = E8779C2A27852D9D00AA2E2A /* Build configuration list for PBXNativeTarget "ProtoTypeCellTests" */;
			buildPhases = (
				E8779C0F27852D9D00AA2E2A /* Sources */,
				E8779C1027852D9D00AA2E2A /* Frameworks */,
				E8779C1127852D9D00AA2E2A /* Resources */,
			);
			buildRules = (
			);
			dependencies = (
				E8779C1527852D9D00AA2E2A /* PBXTargetDependency */,
			);
			name = ProtoTypeCellTests;
			productName = ProtoTypeCellTests;
			productReference = E8779C1327852D9D00AA2E2A /* ProtoTypeCellTests.xctest */;
			productType = "com.apple.product-type.bundle.unit-test";
		};
		E8779C1C27852D9D00AA2E2A /* ProtoTypeCellUITests */ = {
			isa = PBXNativeTarget;
			buildConfigurationList = E8779C2D27852D9D00AA2E2A /* Build configuration list for PBXNativeTarget "ProtoTypeCellUITests" */;
			buildPhases = (
				E8779C1927852D9D00AA2E2A /* Sources */,
				E8779C1A27852D9D00AA2E2A /* Frameworks */,
				E8779C1B27852D9D00AA2E2A /* Resources */,
			);
			buildRules = (
			);
			dependencies = (
				E8779C1F27852D9D00AA2E2A /* PBXTargetDependency */,
			);
			name = ProtoTypeCellUITests;
			productName = ProtoTypeCellUITests;
			productReference = E8779C1D27852D9D00AA2E2A /* ProtoTypeCellUITests.xctest */;
			productType = "com.apple.product-type.bundle.ui-testing";
		};
/* End PBXNativeTarget section */

/* Begin PBXProject section */
		E8779BF527852D9C00AA2E2A /* Project object */ = {
			isa = PBXProject;
			attributes = {
				BuildIndependentTargetsInParallel = 1;
				LastSwiftUpdateCheck = 1320;
				LastUpgradeCheck = 1320;
				TargetAttributes = {
					E8779BFC27852D9C00AA2E2A = {
						CreatedOnToolsVersion = 13.2.1;
					};
					E8779C1227852D9D00AA2E2A = {
						CreatedOnToolsVersion = 13.2.1;
						TestTargetID = E8779BFC27852D9C00AA2E2A;
					};
					E8779C1C27852D9D00AA2E2A = {
						CreatedOnToolsVersion = 13.2.1;
						TestTargetID = E8779BFC27852D9C00AA2E2A;
					};
				};
			};
			buildConfigurationList = E8779BF827852D9C00AA2E2A /* Build configuration list for PBXProject "ProtoTypeCell" */;
			compatibilityVersion = "Xcode 13.0";
			developmentRegion = en;
			hasScannedForEncodings = 0;
			knownRegions = (
				en,
				Base,
			);
			mainGroup = E8779BF427852D9C00AA2E2A;
			productRefGroup = E8779BFE27852D9C00AA2E2A /* Products */;
			projectDirPath = "";
			projectRoot = "";
			targets = (
				E8779BFC27852D9C00AA2E2A /* ProtoTypeCell */,
				E8779C1227852D9D00AA2E2A /* ProtoTypeCellTests */,
				E8779C1C27852D9D00AA2E2A /* ProtoTypeCellUITests */,
			);
		};
/* End PBXProject section */

/* Begin PBXResourcesBuildPhase section */
		E8779BFB27852D9C00AA2E2A /* Resources */ = {
			isa = PBXResourcesBuildPhase;
			buildActionMask = 2147483647;
			files = (
				E8779C0D27852D9D00AA2E2A /* LaunchScreen.storyboard in Resources */,
				E8779C0A27852D9D00AA2E2A /* Assets.xcassets in Resources */,
				E8779C0827852D9C00AA2E2A /* Main.storyboard in Resources */,
			);
			runOnlyForDeploymentPostprocessing = 0;
		};
		E8779C1127852D9D00AA2E2A /* Resources */ = {
			isa = PBXResourcesBuildPhase;
			buildActionMask = 2147483647;
			files = (
			);
			runOnlyForDeploymentPostprocessing = 0;
		};
		E8779C1B27852D9D00AA2E2A /* Resources */ = {
			isa = PBXResourcesBuildPhase;
			buildActionMask = 2147483647;
			files = (
			);
			runOnlyForDeploymentPostprocessing = 0;
		};
/* End PBXResourcesBuildPhase section */

/* Begin PBXSourcesBuildPhase section */
		E8779BF927852D9C00AA2E2A /* Sources */ = {
			isa = PBXSourcesBuildPhase;
			buildActionMask = 2147483647;
			files = (
				E8779C0127852D9C00AA2E2A /* AppDelegate.swift in Sources */,
				E8779C0327852D9C00AA2E2A /* SceneDelegate.swift in Sources */,
				E8779C3127852EBE00AA2E2A /* ListViewController.swift in Sources */,
			);
			runOnlyForDeploymentPostprocessing = 0;
		};
		E8779C0F27852D9D00AA2E2A /* Sources */ = {
			isa = PBXSourcesBuildPhase;
			buildActionMask = 2147483647;
			files = (
				E8779C1827852D9D00AA2E2A /* ProtoTypeCellTests.swift in Sources */,
			);
			runOnlyForDeploymentPostprocessing = 0;
		};
		E8779C1927852D9D00AA2E2A /* Sources */ = {
			isa = PBXSourcesBuildPhase;
			buildActionMask = 2147483647;
			files = (
				E8779C2227852D9D00AA2E2A /* ProtoTypeCellUITests.swift in Sources */,
				E8779C2427852D9D00AA2E2A /* ProtoTypeCellUITestsLaunchTests.swift in Sources */,
			);
			runOnlyForDeploymentPostprocessing = 0;
		};
/* End PBXSourcesBuildPhase section */

/* Begin PBXTargetDependency section */
		E8779C1527852D9D00AA2E2A /* PBXTargetDependency */ = {
			isa = PBXTargetDependency;
			target = E8779BFC27852D9C00AA2E2A /* ProtoTypeCell */;
			targetProxy = E8779C1427852D9D00AA2E2A /* PBXContainerItemProxy */;
		};
		E8779C1F27852D9D00AA2E2A /* PBXTargetDependency */ = {
			isa = PBXTargetDependency;
			target = E8779BFC27852D9C00AA2E2A /* ProtoTypeCell */;
			targetProxy = E8779C1E27852D9D00AA2E2A /* PBXContainerItemProxy */;
		};
/* End PBXTargetDependency section */

/* Begin PBXVariantGroup section */
		E8779C0627852D9C00AA2E2A /* Main.storyboard */ = {
			isa = PBXVariantGroup;
			children = (
				E8779C0727852D9C00AA2E2A /* Base */,
			);
			name = Main.storyboard;
			sourceTree = "<group>";
		};
		E8779C0B27852D9D00AA2E2A /* LaunchScreen.storyboard */ = {
			isa = PBXVariantGroup;
			children = (
				E8779C0C27852D9D00AA2E2A /* Base */,
			);
			name = LaunchScreen.storyboard;
			sourceTree = "<group>";
		};
/* End PBXVariantGroup section */

/* Begin XCBuildConfiguration section */
		E8779C2527852D9D00AA2E2A /* Debug */ = {
			isa = XCBuildConfiguration;
			buildSettings = {
				ALWAYS_SEARCH_USER_PATHS = NO;
				CLANG_ANALYZER_NONNULL = YES;
				CLANG_ANALYZER_NUMBER_OBJECT_CONVERSION = YES_AGGRESSIVE;
				CLANG_CXX_LANGUAGE_STANDARD = "gnu++17";
				CLANG_CXX_LIBRARY = "libc++";
				CLANG_ENABLE_MODULES = YES;
				CLANG_ENABLE_OBJC_ARC = YES;
				CLANG_ENABLE_OBJC_WEAK = YES;
				CLANG_WARN_BLOCK_CAPTURE_AUTORELEASING = YES;
				CLANG_WARN_BOOL_CONVERSION = YES;
				CLANG_WARN_COMMA = YES;
				CLANG_WARN_CONSTANT_CONVERSION = YES;
				CLANG_WARN_DEPRECATED_OBJC_IMPLEMENTATIONS = YES;
				CLANG_WARN_DIRECT_OBJC_ISA_USAGE = YES_ERROR;
				CLANG_WARN_DOCUMENTATION_COMMENTS = YES;
				CLANG_WARN_EMPTY_BODY = YES;
				CLANG_WARN_ENUM_CONVERSION = YES;
				CLANG_WARN_INFINITE_RECURSION = YES;
				CLANG_WARN_INT_CONVERSION = YES;
				CLANG_WARN_NON_LITERAL_NULL_CONVERSION = YES;
				CLANG_WARN_OBJC_IMPLICIT_RETAIN_SELF = YES;
				CLANG_WARN_OBJC_LITERAL_CONVERSION = YES;
				CLANG_WARN_OBJC_ROOT_CLASS = YES_ERROR;
				CLANG_WARN_QUOTED_INCLUDE_IN_FRAMEWORK_HEADER = YES;
				CLANG_WARN_RANGE_LOOP_ANALYSIS = YES;
				CLANG_WARN_STRICT_PROTOTYPES = YES;
				CLANG_WARN_SUSPICIOUS_MOVE = YES;
				CLANG_WARN_UNGUARDED_AVAILABILITY = YES_AGGRESSIVE;
				CLANG_WARN_UNREACHABLE_CODE = YES;
				CLANG_WARN__DUPLICATE_METHOD_MATCH = YES;
				COPY_PHASE_STRIP = NO;
				DEBUG_INFORMATION_FORMAT = dwarf;
				ENABLE_STRICT_OBJC_MSGSEND = YES;
				ENABLE_TESTABILITY = YES;
				GCC_C_LANGUAGE_STANDARD = gnu11;
				GCC_DYNAMIC_NO_PIC = NO;
				GCC_NO_COMMON_BLOCKS = YES;
				GCC_OPTIMIZATION_LEVEL = 0;
				GCC_PREPROCESSOR_DEFINITIONS = (
					"DEBUG=1",
					"$(inherited)",
				);
				GCC_WARN_64_TO_32_BIT_CONVERSION = YES;
				GCC_WARN_ABOUT_RETURN_TYPE = YES_ERROR;
				GCC_WARN_UNDECLARED_SELECTOR = YES;
				GCC_WARN_UNINITIALIZED_AUTOS = YES_AGGRESSIVE;
				GCC_WARN_UNUSED_FUNCTION = YES;
				GCC_WARN_UNUSED_VARIABLE = YES;
				IPHONEOS_DEPLOYMENT_TARGET = 15.2;
				MTL_ENABLE_DEBUG_INFO = INCLUDE_SOURCE;
				MTL_FAST_MATH = YES;
				ONLY_ACTIVE_ARCH = YES;
				SDKROOT = iphoneos;
				SWIFT_ACTIVE_COMPILATION_CONDITIONS = DEBUG;
				SWIFT_OPTIMIZATION_LEVEL = "-Onone";
			};
			name = Debug;
		};
		E8779C2627852D9D00AA2E2A /* Release */ = {
			isa = XCBuildConfiguration;
			buildSettings = {
				ALWAYS_SEARCH_USER_PATHS = NO;
				CLANG_ANALYZER_NONNULL = YES;
				CLANG_ANALYZER_NUMBER_OBJECT_CONVERSION = YES_AGGRESSIVE;
				CLANG_CXX_LANGUAGE_STANDARD = "gnu++17";
				CLANG_CXX_LIBRARY = "libc++";
				CLANG_ENABLE_MODULES = YES;
				CLANG_ENABLE_OBJC_ARC = YES;
				CLANG_ENABLE_OBJC_WEAK = YES;
				CLANG_WARN_BLOCK_CAPTURE_AUTORELEASING = YES;
				CLANG_WARN_BOOL_CONVERSION = YES;
				CLANG_WARN_COMMA = YES;
				CLANG_WARN_CONSTANT_CONVERSION = YES;
				CLANG_WARN_DEPRECATED_OBJC_IMPLEMENTATIONS = YES;
				CLANG_WARN_DIRECT_OBJC_ISA_USAGE = YES_ERROR;
				CLANG_WARN_DOCUMENTATION_COMMENTS = YES;
				CLANG_WARN_EMPTY_BODY = YES;
				CLANG_WARN_ENUM_CONVERSION = YES;
				CLANG_WARN_INFINITE_RECURSION = YES;
				CLANG_WARN_INT_CONVERSION = YES;
				CLANG_WARN_NON_LITERAL_NULL_CONVERSION = YES;
				CLANG_WARN_OBJC_IMPLICIT_RETAIN_SELF = YES;
				CLANG_WARN_OBJC_LITERAL_CONVERSION = YES;
				CLANG_WARN_OBJC_ROOT_CLASS = YES_ERROR;
				CLANG_WARN_QUOTED_INCLUDE_IN_FRAMEWORK_HEADER = YES;
				CLANG_WARN_RANGE_LOOP_ANALYSIS = YES;
				CLANG_WARN_STRICT_PROTOTYPES = YES;
				CLANG_WARN_SUSPICIOUS_MOVE = YES;
				CLANG_WARN_UNGUARDED_AVAILABILITY = YES_AGGRESSIVE;
				CLANG_WARN_UNREACHABLE_CODE = YES;
				CLANG_WARN__DUPLICATE_METHOD_MATCH = YES;
				COPY_PHASE_STRIP = NO;
				DEBUG_INFORMATION_FORMAT = "dwarf-with-dsym";
				ENABLE_NS_ASSERTIONS = NO;
				ENABLE_STRICT_OBJC_MSGSEND = YES;
				GCC_C_LANGUAGE_STANDARD = gnu11;
				GCC_NO_COMMON_BLOCKS = YES;
				GCC_WARN_64_TO_32_BIT_CONVERSION = YES;
				GCC_WARN_ABOUT_RETURN_TYPE = YES_ERROR;
				GCC_WARN_UNDECLARED_SELECTOR = YES;
				GCC_WARN_UNINITIALIZED_AUTOS = YES_AGGRESSIVE;
				GCC_WARN_UNUSED_FUNCTION = YES;
				GCC_WARN_UNUSED_VARIABLE = YES;
				IPHONEOS_DEPLOYMENT_TARGET = 15.2;
				MTL_ENABLE_DEBUG_INFO = NO;
				MTL_FAST_MATH = YES;
				SDKROOT = iphoneos;
				SWIFT_COMPILATION_MODE = wholemodule;
				SWIFT_OPTIMIZATION_LEVEL = "-O";
				VALIDATE_PRODUCT = YES;
			};
			name = Release;
		};
		E8779C2827852D9D00AA2E2A /* Debug */ = {
			isa = XCBuildConfiguration;
			buildSettings = {
				ASSETCATALOG_COMPILER_APPICON_NAME = AppIcon;
				ASSETCATALOG_COMPILER_GLOBAL_ACCENT_COLOR_NAME = AccentColor;
				CODE_SIGN_STYLE = Automatic;
				CURRENT_PROJECT_VERSION = 1;
				GENERATE_INFOPLIST_FILE = YES;
				INFOPLIST_FILE = ProtoTypeCell/Info.plist;
				INFOPLIST_KEY_UIApplicationSupportsIndirectInputEvents = YES;
				INFOPLIST_KEY_UILaunchStoryboardName = LaunchScreen;
				INFOPLIST_KEY_UIMainStoryboardFile = Main;
				INFOPLIST_KEY_UISupportedInterfaceOrientations_iPad = "UIInterfaceOrientationPortrait UIInterfaceOrientationPortraitUpsideDown UIInterfaceOrientationLandscapeLeft UIInterfaceOrientationLandscapeRight";
				INFOPLIST_KEY_UISupportedInterfaceOrientations_iPhone = "UIInterfaceOrientationPortrait UIInterfaceOrientationLandscapeLeft UIInterfaceOrientationLandscapeRight";
				LD_RUNPATH_SEARCH_PATHS = (
					"$(inherited)",
					"@executable_path/Frameworks",
				);
				MARKETING_VERSION = 1.0;
				PRODUCT_BUNDLE_IDENTIFIER = com.yeoboya.ProtoTypeCell;
				PRODUCT_NAME = "$(TARGET_NAME)";
				SWIFT_EMIT_LOC_STRINGS = YES;
				SWIFT_VERSION = 5.0;
				TARGETED_DEVICE_FAMILY = "1,2";
			};
			name = Debug;
		};
		E8779C2927852D9D00AA2E2A /* Release */ = {
			isa = XCBuildConfiguration;
			buildSettings = {
				ASSETCATALOG_COMPILER_APPICON_NAME = AppIcon;
				ASSETCATALOG_COMPILER_GLOBAL_ACCENT_COLOR_NAME = AccentColor;
				CODE_SIGN_STYLE = Automatic;
				CURRENT_PROJECT_VERSION = 1;
				GENERATE_INFOPLIST_FILE = YES;
				INFOPLIST_FILE = ProtoTypeCell/Info.plist;
				INFOPLIST_KEY_UIApplicationSupportsIndirectInputEvents = YES;
				INFOPLIST_KEY_UILaunchStoryboardName = LaunchScreen;
				INFOPLIST_KEY_UIMainStoryboardFile = Main;
				INFOPLIST_KEY_UISupportedInterfaceOrientations_iPad = "UIInterfaceOrientationPortrait UIInterfaceOrientationPortraitUpsideDown UIInterfaceOrientationLandscapeLeft UIInterfaceOrientationLandscapeRight";
				INFOPLIST_KEY_UISupportedInterfaceOrientations_iPhone = "UIInterfaceOrientationPortrait UIInterfaceOrientationLandscapeLeft UIInterfaceOrientationLandscapeRight";
				LD_RUNPATH_SEARCH_PATHS = (
					"$(inherited)",
					"@executable_path/Frameworks",
				);
				MARKETING_VERSION = 1.0;
				PRODUCT_BUNDLE_IDENTIFIER = com.yeoboya.ProtoTypeCell;
				PRODUCT_NAME = "$(TARGET_NAME)";
				SWIFT_EMIT_LOC_STRINGS = YES;
				SWIFT_VERSION = 5.0;
				TARGETED_DEVICE_FAMILY = "1,2";
			};
			name = Release;
		};
		E8779C2B27852D9D00AA2E2A /* Debug */ = {
			isa = XCBuildConfiguration;
			buildSettings = {
				ALWAYS_EMBED_SWIFT_STANDARD_LIBRARIES = YES;
				BUNDLE_LOADER = "$(TEST_HOST)";
				CODE_SIGN_STYLE = Automatic;
				CURRENT_PROJECT_VERSION = 1;
				GENERATE_INFOPLIST_FILE = YES;
				IPHONEOS_DEPLOYMENT_TARGET = 15.2;
				MARKETING_VERSION = 1.0;
				PRODUCT_BUNDLE_IDENTIFIER = com.yeoboya.ProtoTypeCellTests;
				PRODUCT_NAME = "$(TARGET_NAME)";
				SWIFT_EMIT_LOC_STRINGS = NO;
				SWIFT_VERSION = 5.0;
				TARGETED_DEVICE_FAMILY = "1,2";
				TEST_HOST = "$(BUILT_PRODUCTS_DIR)/ProtoTypeCell.app/ProtoTypeCell";
			};
			name = Debug;
		};
		E8779C2C27852D9D00AA2E2A /* Release */ = {
			isa = XCBuildConfiguration;
			buildSettings = {
				ALWAYS_EMBED_SWIFT_STANDARD_LIBRARIES = YES;
				BUNDLE_LOADER = "$(TEST_HOST)";
				CODE_SIGN_STYLE = Automatic;
				CURRENT_PROJECT_VERSION = 1;
				GENERATE_INFOPLIST_FILE = YES;
				IPHONEOS_DEPLOYMENT_TARGET = 15.2;
				MARKETING_VERSION = 1.0;
				PRODUCT_BUNDLE_IDENTIFIER = com.yeoboya.ProtoTypeCellTests;
				PRODUCT_NAME = "$(TARGET_NAME)";
				SWIFT_EMIT_LOC_STRINGS = NO;
				SWIFT_VERSION = 5.0;
				TARGETED_DEVICE_FAMILY = "1,2";
				TEST_HOST = "$(BUILT_PRODUCTS_DIR)/ProtoTypeCell.app/ProtoTypeCell";
			};
			name = Release;
		};
		E8779C2E27852D9D00AA2E2A /* Debug */ = {
			isa = XCBuildConfiguration;
			buildSettings = {
				ALWAYS_EMBED_SWIFT_STANDARD_LIBRARIES = YES;
				CODE_SIGN_STYLE = Automatic;
				CURRENT_PROJECT_VERSION = 1;
				GENERATE_INFOPLIST_FILE = YES;
				MARKETING_VERSION = 1.0;
				PRODUCT_BUNDLE_IDENTIFIER = com.yeoboya.ProtoTypeCellUITests;
				PRODUCT_NAME = "$(TARGET_NAME)";
				SWIFT_EMIT_LOC_STRINGS = NO;
				SWIFT_VERSION = 5.0;
				TARGETED_DEVICE_FAMILY = "1,2";
				TEST_TARGET_NAME = ProtoTypeCell;
			};
			name = Debug;
		};
		E8779C2F27852D9D00AA2E2A /* Release */ = {
			isa = XCBuildConfiguration;
			buildSettings = {
				ALWAYS_EMBED_SWIFT_STANDARD_LIBRARIES = YES;
				CODE_SIGN_STYLE = Automatic;
				CURRENT_PROJECT_VERSION = 1;
				GENERATE_INFOPLIST_FILE = YES;
				MARKETING_VERSION = 1.0;
				PRODUCT_BUNDLE_IDENTIFIER = com.yeoboya.ProtoTypeCellUITests;
				PRODUCT_NAME = "$(TARGET_NAME)";
				SWIFT_EMIT_LOC_STRINGS = NO;
				SWIFT_VERSION = 5.0;
				TARGETED_DEVICE_FAMILY = "1,2";
				TEST_TARGET_NAME = ProtoTypeCell;
			};
			name = Release;
		};
/* End XCBuildConfiguration section */

/* Begin XCConfigurationList section */
		E8779BF827852D9C00AA2E2A /* Build configuration list for PBXProject "ProtoTypeCell" */ = {
			isa = XCConfigurationList;
			buildConfigurations = (
				E8779C2527852D9D00AA2E2A /* Debug */,
				E8779C2627852D9D00AA2E2A /* Release */,
			);
			defaultConfigurationIsVisible = 0;
			defaultConfigurationName = Release;
		};
		E8779C2727852D9D00AA2E2A /* Build configuration list for PBXNativeTarget "ProtoTypeCell" */ = {
			isa = XCConfigurationList;
			buildConfigurations = (
				E8779C2827852D9D00AA2E2A /* Debug */,
				E8779C2927852D9D00AA2E2A /* Release */,
			);
			defaultConfigurationIsVisible = 0;
			defaultConfigurationName = Release;
		};
		E8779C2A27852D9D00AA2E2A /* Build configuration list for PBXNativeTarget "ProtoTypeCellTests" */ = {
			isa = XCConfigurationList;
			buildConfigurations = (
				E8779C2B27852D9D00AA2E2A /* Debug */,
				E8779C2C27852D9D00AA2E2A /* Release */,
			);
			defaultConfigurationIsVisible = 0;
			defaultConfigurationName = Release;
		};
		E8779C2D27852D9D00AA2E2A /* Build configuration list for PBXNativeTarget "ProtoTypeCellUITests" */ = {
			isa = XCConfigurationList;
			buildConfigurations = (
				E8779C2E27852D9D00AA2E2A /* Debug */,
				E8779C2F27852D9D00AA2E2A /* Release */,
			);
			defaultConfigurationIsVisible = 0;
			defaultConfigurationName = Release;
		};
/* End XCConfigurationList section */
	};
	rootObject = E8779BF527852D9C00AA2E2A /* Project object */;
}
